
Microsoft Visual Studio Solution File, Format Version 12.00
# Visual Studio Version 17
VisualStudioVersion = 17.2.32516.85
MinimumVisualStudioVersion = 10.0.40219.1
Project("{FAE04EC0-301F-11D3-BF4B-00C04F79EFBC}") = "RegistrationService", "RegistrationService\RegistrationService.csproj", "{63ECA7C4-DC28-4F77-9B46-97FA985817F8}"
EndProject
Global
	GlobalSection(SolutionConfigurationPlatforms) = preSolution
		Debug|Any CPU = Debug|Any CPU
		Release|Any CPU = Release|Any CPU
	EndGlobalSection
	GlobalSection(ProjectConfigurationPlatforms) = postSolution
		{63ECA7C4-DC28-4F77-9B46-97FA985817F8}.Debug|Any CPU.ActiveCfg = Debug|Any CPU
		{63ECA7C4-DC28-4F77-9B46-97FA985817F8}.Debug|Any CPU.Build.0 = Debug|Any CPU
		{63ECA7C4-DC28-4F77-9B46-97FA985817F8}.Release|Any CPU.ActiveCfg = Release|Any CPU
		{63ECA7C4-DC28-4F77-9B46-97FA985817F8}.Release|Any CPU.Build.0 = Release|Any CPU
	EndGlobalSection
	GlobalSection(SolutionProperties) = preSolution
		HideSolutionNode = FALSE
	EndGlobalSection
	GlobalSection(ExtensibilityGlobals) = postSolution
		SolutionGuid = {BF61062D-C656-4C21-BC6E-6816A4F8BF5A}
	EndGlobalSection
EndGlobal
